
Microsoft Visual Studio Solution File, Format Version 11.00
# Visual Studio 2010
Project("{FAE04EC0-301F-11D3-BF4B-00C04F79EFBC}") = "OpenWithTest", "OpenWithTest\OpenWithTest.csproj", "{97495A45-6A66-447E-AB8F-2E8019351182}"
EndProject
Project("{2150E333-8FDC-42A3-9474-1A3956D46DE8}") = "Solution Items", "Solution Items", "{8644C6E1-C9A5-4811-AA6E-66C996D70613}"
EndProject
Project("{FAE04EC0-301F-11D3-BF4B-00C04F79EFBC}") = "Facts", "Facts\Facts.csproj", "{DF61A2A2-5CE9-424B-BEF6-E58474A55501}"
EndProject
Global
	GlobalSection(SolutionConfigurationPlatforms) = preSolution
		Debug|Any CPU = Debug|Any CPU
		Release|Any CPU = Release|Any CPU
	EndGlobalSection
	GlobalSection(ProjectConfigurationPlatforms) = postSolution
		{97495A45-6A66-447E-AB8F-2E8019351182}.Debug|Any CPU.ActiveCfg = Debug|Any CPU
		{97495A45-6A66-447E-AB8F-2E8019351182}.Debug|Any CPU.Build.0 = Debug|Any CPU
		{97495A45-6A66-447E-AB8F-2E8019351182}.Release|Any CPU.ActiveCfg = Release|Any CPU
		{97495A45-6A66-447E-AB8F-2E8019351182}.Release|Any CPU.Build.0 = Release|Any CPU
		{DF61A2A2-5CE9-424B-BEF6-E58474A55501}.Debug|Any CPU.ActiveCfg = Debug|Any CPU
		{DF61A2A2-5CE9-424B-BEF6-E58474A55501}.Debug|Any CPU.Build.0 = Debug|Any CPU
		{DF61A2A2-5CE9-424B-BEF6-E58474A55501}.Release|Any CPU.ActiveCfg = Release|Any CPU
		{DF61A2A2-5CE9-424B-BEF6-E58474A55501}.Release|Any CPU.Build.0 = Release|Any CPU
	EndGlobalSection
	GlobalSection(SolutionProperties) = preSolution
		HideSolutionNode = FALSE
	EndGlobalSection
EndGlobal
